# This file is automatically @generated by Cargo.
# It is not intended for manual editing.
version = 3

[[package]]
name = "anyhow"
version = "1.0.66"
source = "registry+https://github.com/rust-lang/crates.io-index"
checksum = "216261ddc8289130e551ddcd5ce8a064710c0d064a4d2895c67151c92b5443f6"

[[package]]
name = "autocfg"
version = "1.1.0"
source = "registry+https://github.com/rust-lang/crates.io-index"
checksum = "d468802bab17cbc0cc575e9b053f41e72aa36bfa6b7f55e3529ffa43161b97fa"

[[package]]
name = "bitflags"
version = "1.3.2"
source = "registry+https://github.com/rust-lang/crates.io-index"
checksum = "bef38d45163c2f1dde094a7dfd33ccf595c92905c8f8f4fdc18d06fb1037718a"

[[package]]
name = "cc"
version = "1.0.77"
source = "registry+https://github.com/rust-lang/crates.io-index"
checksum = "e9f73505338f7d905b19d18738976aae232eb46b8efc15554ffc56deb5d9ebe4"

[[package]]
name = "cfg-if"
version = "1.0.0"
source = "registry+https://github.com/rust-lang/crates.io-index"
checksum = "baf1de4339761588bc0619e3cbc0120ee582ebb74b53b4efbf79117bd2da40fd"

[[package]]
name = "clap"
version = "4.0.29"
source = "registry+https://github.com/rust-lang/crates.io-index"
checksum = "4d63b9e9c07271b9957ad22c173bae2a4d9a81127680962039296abcd2f8251d"
dependencies = [
 "bitflags",
 "clap_derive",
 "clap_lex",
 "is-terminal",
 "once_cell",
 "strsim",
 "termcolor",
]

[[package]]
name = "clap_derive"
version = "4.0.21"
source = "registry+https://github.com/rust-lang/crates.io-index"
checksum = "0177313f9f02afc995627906bbd8967e2be069f5261954222dac78290c2b9014"
dependencies = [
 "heck",
 "proc-macro-error",
 "proc-macro2",
 "quote",
 "syn",
]

[[package]]
name = "clap_lex"
version = "0.3.0"
source = "registry+https://github.com/rust-lang/crates.io-index"
checksum = "0d4198f73e42b4936b35b5bb248d81d2b595ecb170da0bac7655c54eedfa8da8"
dependencies = [
 "os_str_bytes",
]

[[package]]
name = "displaydoc"
version = "0.2.3"
source = "registry+https://github.com/rust-lang/crates.io-index"
checksum = "3bf95dc3f046b9da4f2d51833c0d3547d8564ef6910f5c1ed130306a75b92886"
dependencies = [
 "proc-macro2",
 "quote",
 "syn",
]

[[package]]
name = "either"
version = "1.8.0"
source = "registry+https://github.com/rust-lang/crates.io-index"
checksum = "90e5c1c8368803113bf0c9584fc495a58b86dc8a29edbf8fe877d21d9507e797"

[[package]]
name = "errno"
version = "0.2.8"
source = "registry+https://github.com/rust-lang/crates.io-index"
checksum = "f639046355ee4f37944e44f60642c6f3a7efa3cf6b78c78a0d989a8ce6c396a1"
dependencies = [
 "errno-dragonfly",
 "libc",
 "winapi",
]

[[package]]
name = "errno-dragonfly"
version = "0.1.2"
source = "registry+https://github.com/rust-lang/crates.io-index"
checksum = "aa68f1b12764fab894d2755d2518754e71b4fd80ecfb822714a1206c2aab39bf"
dependencies = [
 "cc",
 "libc",
]

[[package]]
name = "fixed_decimal"
version = "0.5.1"
source = "registry+https://github.com/rust-lang/crates.io-index"
checksum = "a7f6fa77730b2c921549ccecf3ad7b0ce0fb14481d47fad0c358addc4aeb456a"
dependencies = [
 "displaydoc",
 "smallvec",
 "writeable",
]

[[package]]
name = "genemichaels"
version = "0.1.11"
dependencies = [
 "anyhow",
 "clap",
 "icu_segmenter",
 "icu_testdata",
 "markdown",
 "proc-macro2",
 "quote",
 "structre",
 "syn",
]

[[package]]
name = "heck"
version = "0.4.0"
source = "registry+https://github.com/rust-lang/crates.io-index"
checksum = "2540771e65fc8cb83cd6e8a237f70c319bd5c29f78ed1084ba5d50eeac86f7f9"

[[package]]
name = "hermit-abi"
version = "0.2.6"
source = "registry+https://github.com/rust-lang/crates.io-index"
checksum = "ee512640fe35acbfb4bb779db6f0d80704c2cacfa2e39b601ef3e3f47d1ae4c7"
dependencies = [
 "libc",
]

[[package]]
name = "icu_calendar"
version = "1.0.0"
source = "registry+https://github.com/rust-lang/crates.io-index"
checksum = "81b686a9fbeca17bfa11b5b9864d840d8f2dc5abd80bef562486a6005f62c248"
dependencies = [
 "displaydoc",
 "icu_locid",
 "icu_provider",
 "tinystr",
 "writeable",
 "zerovec",
]

[[package]]
name = "icu_collator"
version = "1.0.0"
source = "registry+https://github.com/rust-lang/crates.io-index"
checksum = "c9ca263b27af1ab7192837ebe4e5389d389d0c249885f65c9b330decfc3e4abb"
dependencies = [
 "displaydoc",
 "icu_collections",
 "icu_locid",
 "icu_normalizer",
 "icu_properties",
 "icu_provider",
 "smallvec",
 "utf16_iter",
 "utf8_iter",
 "zerofrom",
 "zerovec",
]

[[package]]
name = "icu_collections"
version = "1.0.0"
source = "registry+https://github.com/rust-lang/crates.io-index"
checksum = "3c5be938a104d76f3bb9be012b6cd1451f7ed61c1eb9605c80f0f59c23f204dd"
dependencies = [
 "displaydoc",
 "serde",
 "yoke",
 "zerofrom",
 "zerovec",
]

[[package]]
name = "icu_datetime"
version = "1.0.0"
source = "registry+https://github.com/rust-lang/crates.io-index"
checksum = "f9109c2277e98df5ebea10fa63cdd1aafbf78d726ecddbd205b8cff212345b98"
dependencies = [
 "displaydoc",
 "either",
 "fixed_decimal",
 "icu_calendar",
 "icu_decimal",
 "icu_locid",
 "icu_plurals",
 "icu_provider",
 "icu_timezone",
 "litemap",
 "smallvec",
 "tinystr",
 "writeable",
 "zerovec",
]

[[package]]
name = "icu_decimal"
version = "1.0.0"
source = "registry+https://github.com/rust-lang/crates.io-index"
checksum = "d36aab31559864247be8b5c11a0a00a649c15922bfe158442b9083e78d8c1fc3"
dependencies = [
 "displaydoc",
 "fixed_decimal",
 "icu_locid",
 "icu_provider",
 "writeable",
]

[[package]]
name = "icu_list"
version = "1.0.0"
source = "registry+https://github.com/rust-lang/crates.io-index"
checksum = "c40218275f081c4493f190357c5395647b06734c2dc3dcb41cc099a0f60168b1"
dependencies = [
 "displaydoc",
 "icu_locid",
 "icu_provider",
 "regex-automata",
 "writeable",
 "zerovec",
]

[[package]]
name = "icu_locid"
version = "1.0.0"
source = "registry+https://github.com/rust-lang/crates.io-index"
checksum = "34b3de5d99a0e275fe6193b9586dbf37364daebc0d39c89b5cf8376a53b789e8"
dependencies = [
 "displaydoc",
 "litemap",
 "serde",
 "tinystr",
 "writeable",
 "zerovec",
]

[[package]]
name = "icu_locid_transform"
version = "1.0.0"
source = "registry+https://github.com/rust-lang/crates.io-index"
checksum = "934712cef692e652dbc9a02024c2fc7d82ac7c6406d84f482c8b6f52cc897273"
dependencies = [
 "displaydoc",
 "icu_locid",
 "icu_provider",
 "tinystr",
 "zerovec",
]

[[package]]
name = "icu_normalizer"
version = "1.0.0"
source = "registry+https://github.com/rust-lang/crates.io-index"
checksum = "5f13202f9022ca7cf1b08631bc026526a1b232ceb70695ed5a7ffbb90a90c67e"
dependencies = [
 "displaydoc",
 "icu_collections",
 "icu_properties",
 "icu_provider",
 "smallvec",
 "utf16_iter",
 "utf8_iter",
 "write16",
 "zerofrom",
 "zerovec",
]

[[package]]
name = "icu_plurals"
version = "1.0.0"
source = "registry+https://github.com/rust-lang/crates.io-index"
checksum = "e81bb05ec62d5103926407da9a366c2af53e3d3f3bd0b94cd7074510a74d7444"
dependencies = [
 "displaydoc",
 "fixed_decimal",
 "icu_locid",
 "icu_provider",
 "zerovec",
]

[[package]]
name = "icu_properties"
version = "1.0.0"
source = "registry+https://github.com/rust-lang/crates.io-index"
checksum = "b46dce0df6daeda3aec068f6f31eeaa6402525a505df9b816d8fd5bd9c876448"
dependencies = [
 "displaydoc",
 "icu_collections",
 "icu_provider",
 "zerovec",
]

[[package]]
name = "icu_provider"
version = "1.0.1"
source = "registry+https://github.com/rust-lang/crates.io-index"
checksum = "2f911086e3c521a8a824d4f8bfd87769645ced2f07ff913b521c0d793be07100"
dependencies = [
 "displaydoc",
 "icu_locid",
 "icu_provider_macros",
 "serde",
 "stable_deref_trait",
 "writeable",
 "yoke",
 "zerofrom",
 "zerovec",
]

[[package]]
name = "icu_provider_adapters"
version = "1.0.0"
source = "registry+https://github.com/rust-lang/crates.io-index"
checksum = "980c71d8a91b246ebbb97847178a4b816eea39d1d550c70ee566384555bb6545"
dependencies = [
 "icu_locid",
 "icu_provider",
 "tinystr",
 "yoke",
 "zerovec",
]

[[package]]
name = "icu_provider_macros"
version = "1.0.0"
source = "registry+https://github.com/rust-lang/crates.io-index"
checksum = "38cf6f5b65cf81f0b4298da647101acbfe6ae0e25263f92bd7a22597e9d6d606"
dependencies = [
 "proc-macro2",
 "quote",
 "syn",
]

[[package]]
name = "icu_segmenter"
version = "0.7.0"
source = "registry+https://github.com/rust-lang/crates.io-index"
checksum = "4873fb468f410f9a06b51bc0c1156084db6adb671923d5289ce42103a47bc796"
dependencies = [
 "displaydoc",
 "icu_collections",
 "icu_locid",
 "icu_provider",
 "ndarray",
 "num-traits",
 "serde",
 "serde_json",
 "utf8_iter",
 "zerovec",
]

[[package]]
name = "icu_testdata"
version = "1.0.0"
source = "registry+https://github.com/rust-lang/crates.io-index"
checksum = "8e03d02c963ad1f0680749016afad29f87933ca82957c536bfa975880b2efdae"
dependencies = [
 "icu_calendar",
 "icu_collator",
 "icu_collections",
 "icu_datetime",
 "icu_decimal",
 "icu_list",
 "icu_locid",
 "icu_locid_transform",
 "icu_normalizer",
 "icu_plurals",
 "icu_properties",
 "icu_provider",
 "icu_provider_adapters",
 "icu_timezone",
 "litemap",
 "tinystr",
 "zerovec",
]

[[package]]
name = "icu_timezone"
version = "1.0.0"
source = "registry+https://github.com/rust-lang/crates.io-index"
checksum = "081c60a92f80496fe2aa49a54ab86394ec2f91993cff985f8451e4912a347ea0"
dependencies = [
 "displaydoc",
 "icu_calendar",
 "icu_locid",
 "icu_provider",
 "tinystr",
 "zerovec",
]

[[package]]
name = "io-lifetimes"
version = "1.0.3"
source = "registry+https://github.com/rust-lang/crates.io-index"
checksum = "46112a93252b123d31a119a8d1a1ac19deac4fac6e0e8b0df58f0d4e5870e63c"
dependencies = [
 "libc",
 "windows-sys",
]

[[package]]
name = "is-terminal"
version = "0.4.1"
source = "registry+https://github.com/rust-lang/crates.io-index"
checksum = "927609f78c2913a6f6ac3c27a4fe87f43e2a35367c0c4b0f8265e8f49a104330"
dependencies = [
 "hermit-abi",
 "io-lifetimes",
 "rustix",
 "windows-sys",
]

[[package]]
name = "itoa"
version = "1.0.4"
source = "registry+https://github.com/rust-lang/crates.io-index"
checksum = "4217ad341ebadf8d8e724e264f13e593e0648f5b3e94b3896a5df283be015ecc"

[[package]]
name = "libc"
version = "0.2.138"
source = "registry+https://github.com/rust-lang/crates.io-index"
checksum = "db6d7e329c562c5dfab7a46a2afabc8b987ab9a4834c9d1ca04dc54c1546cef8"

[[package]]
name = "linux-raw-sys"
version = "0.1.3"
source = "registry+https://github.com/rust-lang/crates.io-index"
checksum = "8f9f08d8963a6c613f4b1a78f4f4a4dbfadf8e6545b2d72861731e4858b8b47f"

[[package]]
name = "litemap"
version = "0.6.0"
source = "registry+https://github.com/rust-lang/crates.io-index"
checksum = "f34a3f4798fac63fb48cf277eefa38f94d3443baff555bb98e4f56bc9092368e"

[[package]]
name = "litrs"
version = "0.2.3"
source = "registry+https://github.com/rust-lang/crates.io-index"
checksum = "f9275e0933cf8bb20f008924c0cb07a0692fe54d8064996520bf998de9eb79aa"
dependencies = [
 "proc-macro2",
]

[[package]]
name = "log"
version = "0.4.17"
source = "registry+https://github.com/rust-lang/crates.io-index"
checksum = "abb12e687cfb44aa40f41fc3978ef76448f9b6038cad6aef4259d3c095a2382e"
dependencies = [
 "cfg-if",
]

[[package]]
name = "markdown"
version = "1.0.0-alpha.5"
source = "registry+https://github.com/rust-lang/crates.io-index"
checksum = "e15a8b67b7a9cb4bfbda3131ab091529c338174c78da8d46adbce1e510daf191"
dependencies = [
 "log",
 "unicode-id",
]

[[package]]
name = "matrixmultiply"
version = "0.3.2"
source = "registry+https://github.com/rust-lang/crates.io-index"
checksum = "add85d4dd35074e6fedc608f8c8f513a3548619a9024b751949ef0e8e45a4d84"
dependencies = [
 "rawpointer",
]

[[package]]
name = "memchr"
version = "2.5.0"
source = "registry+https://github.com/rust-lang/crates.io-index"
checksum = "2dffe52ecf27772e601905b7522cb4ef790d2cc203488bbd0e2fe85fcb74566d"

[[package]]
name = "ndarray"
version = "0.15.6"
source = "registry+https://github.com/rust-lang/crates.io-index"
checksum = "adb12d4e967ec485a5f71c6311fe28158e9d6f4bc4a447b474184d0f91a8fa32"
dependencies = [
 "matrixmultiply",
 "num-complex",
 "num-integer",
 "num-traits",
 "rawpointer",
 "serde",
]

[[package]]
name = "num-complex"
version = "0.4.2"
source = "registry+https://github.com/rust-lang/crates.io-index"
checksum = "7ae39348c8bc5fbd7f40c727a9925f03517afd2ab27d46702108b6a7e5414c19"
dependencies = [
 "num-traits",
]

[[package]]
name = "num-integer"
version = "0.1.45"
source = "registry+https://github.com/rust-lang/crates.io-index"
checksum = "225d3389fb3509a24c93f5c29eb6bde2586b98d9f016636dff58d7c6f7569cd9"
dependencies = [
 "autocfg",
 "num-traits",
]

[[package]]
name = "num-traits"
version = "0.2.15"
source = "registry+https://github.com/rust-lang/crates.io-index"
checksum = "578ede34cf02f8924ab9447f50c28075b4d3e5b269972345e7e0372b38c6cdcd"
dependencies = [
 "autocfg",
]

[[package]]
name = "once_cell"
version = "1.16.0"
source = "registry+https://github.com/rust-lang/crates.io-index"
checksum = "86f0b0d4bf799edbc74508c1e8bf170ff5f41238e5f8225603ca7caaae2b7860"

[[package]]
name = "os_str_bytes"
version = "6.4.1"
source = "registry+https://github.com/rust-lang/crates.io-index"
checksum = "9b7820b9daea5457c9f21c69448905d723fbd21136ccf521748f23fd49e723ee"

[[package]]
name = "proc-macro-error"
version = "1.0.4"
source = "registry+https://github.com/rust-lang/crates.io-index"
checksum = "da25490ff9892aab3fcf7c36f08cfb902dd3e71ca0f9f9517bea02a73a5ce38c"
dependencies = [
 "proc-macro-error-attr",
 "proc-macro2",
 "quote",
 "syn",
 "version_check",
]

[[package]]
name = "proc-macro-error-attr"
version = "1.0.4"
source = "registry+https://github.com/rust-lang/crates.io-index"
checksum = "a1be40180e52ecc98ad80b184934baf3d0d29f979574e439af5a55274b35f869"
dependencies = [
 "proc-macro2",
 "quote",
 "version_check",
]

[[package]]
name = "proc-macro2"
version = "1.0.47"
source = "registry+https://github.com/rust-lang/crates.io-index"
checksum = "5ea3d908b0e36316caf9e9e2c4625cdde190a7e6f440d794667ed17a1855e725"
dependencies = [
 "unicode-ident",
]

[[package]]
name = "quote"
version = "1.0.21"
source = "registry+https://github.com/rust-lang/crates.io-index"
checksum = "bbe448f377a7d6961e30f5955f9b8d106c3f5e449d493ee1b125c1d43c2b5179"
dependencies = [
 "proc-macro2",
]

[[package]]
name = "rawpointer"
version = "0.2.1"
source = "registry+https://github.com/rust-lang/crates.io-index"
checksum = "60a357793950651c4ed0f3f52338f53b2f809f32d83a07f72909fa13e4c6c1e3"

[[package]]
name = "regex"
version = "1.7.0"
source = "registry+https://github.com/rust-lang/crates.io-index"
checksum = "e076559ef8e241f2ae3479e36f97bd5741c0330689e217ad51ce2c76808b868a"
dependencies = [
 "regex-syntax",
]

[[package]]
name = "regex-automata"
version = "0.2.0"
source = "registry+https://github.com/rust-lang/crates.io-index"
checksum = "e9368763f5a9b804326f3af749e16f9abf378d227bcdee7634b13d8f17793782"
dependencies = [
 "memchr",
]

[[package]]
name = "regex-syntax"
version = "0.6.28"
source = "registry+https://github.com/rust-lang/crates.io-index"
checksum = "456c603be3e8d448b072f410900c09faf164fbce2d480456f50eea6e25f9c848"

[[package]]
name = "rustix"
version = "0.36.4"
source = "registry+https://github.com/rust-lang/crates.io-index"
checksum = "cb93e85278e08bb5788653183213d3a60fc242b10cb9be96586f5a73dcb67c23"
dependencies = [
 "bitflags",
 "errno",
 "io-lifetimes",
 "libc",
 "linux-raw-sys",
 "windows-sys",
]

[[package]]
name = "ryu"
version = "1.0.11"
source = "registry+https://github.com/rust-lang/crates.io-index"
checksum = "4501abdff3ae82a1c1b477a17252eb69cee9e66eb915c1abaa4f44d873df9f09"

[[package]]
name = "serde"
version = "1.0.149"
source = "registry+https://github.com/rust-lang/crates.io-index"
checksum = "256b9932320c590e707b94576e3cc1f7c9024d0ee6612dfbcf1cb106cbe8e055"
dependencies = [
 "serde_derive",
]

[[package]]
name = "serde_derive"
version = "1.0.149"
source = "registry+https://github.com/rust-lang/crates.io-index"
checksum = "b4eae9b04cbffdfd550eb462ed33bc6a1b68c935127d008b27444d08380f94e4"
dependencies = [
 "proc-macro2",
 "quote",
 "syn",
]

[[package]]
name = "serde_json"
version = "1.0.89"
source = "registry+https://github.com/rust-lang/crates.io-index"
checksum = "020ff22c755c2ed3f8cf162dbb41a7268d934702f3ed3631656ea597e08fc3db"
dependencies = [
 "itoa",
 "ryu",
 "serde",
]

[[package]]
name = "smallvec"
version = "1.10.0"
source = "registry+https://github.com/rust-lang/crates.io-index"
checksum = "a507befe795404456341dfab10cef66ead4c041f62b8b11bbb92bffe5d0953e0"

[[package]]
name = "stable_deref_trait"
version = "1.2.0"
source = "registry+https://github.com/rust-lang/crates.io-index"
checksum = "a8f112729512f8e442d81f95a8a7ddf2b7c6b8a1a6f509a95864142b30cab2d3"

[[package]]
name = "strsim"
version = "0.10.0"
source = "registry+https://github.com/rust-lang/crates.io-index"
checksum = "73473c0e59e6d5812c5dfe2a064a6444949f089e20eec9a2e5506596494e4623"

[[package]]
name = "structre"
version = "0.0.1"
source = "registry+https://github.com/rust-lang/crates.io-index"
checksum = "f31eab0dcebb0d631c93629c0da9fdce1448123aa15e5e4c08fcd71d4f4fd5f4"
dependencies = [
 "anyhow",
 "once_cell",
 "regex",
 "structre_proc_macros",
]

[[package]]
name = "structre_proc_macros"
version = "0.0.1"
source = "registry+https://github.com/rust-lang/crates.io-index"
checksum = "66e7698a9d57b3a475ce1d6cc37b1be9ee8ed188ec596603c863c06c9e06cf7e"
dependencies = [
 "litrs",
 "proc-macro2",
 "quote",
 "regex-syntax",
 "syn",
]

[[package]]
name = "syn"
version = "1.0.105"
source = "registry+https://github.com/rust-lang/crates.io-index"
checksum = "60b9b43d45702de4c839cb9b51d9f529c5dd26a4aff255b42b1ebc03e88ee908"
dependencies = [
 "proc-macro2",
 "quote",
 "unicode-ident",
]

[[package]]
name = "synstructure"
version = "0.12.6"
source = "registry+https://github.com/rust-lang/crates.io-index"
checksum = "f36bdaa60a83aca3921b5259d5400cbf5e90fc51931376a9bd4a0eb79aa7210f"
dependencies = [
 "proc-macro2",
 "quote",
 "syn",
 "unicode-xid",
]

[[package]]
name = "termcolor"
version = "1.1.3"
source = "registry+https://github.com/rust-lang/crates.io-index"
checksum = "bab24d30b911b2376f3a13cc2cd443142f0c81dda04c118693e35b3835757755"
dependencies = [
 "winapi-util",
]

[[package]]
name = "tinystr"
version = "0.7.0"
source = "registry+https://github.com/rust-lang/crates.io-index"
checksum = "f8aeafdfd935e4a7fe16a91ab711fa52d54df84f9c8f7ca5837a9d1d902ef4c2"
dependencies = [
 "displaydoc",
 "serde",
 "zerovec",
]

[[package]]
name = "unicode-id"
version = "0.3.3"
source = "registry+https://github.com/rust-lang/crates.io-index"
checksum = "d70b6494226b36008c8366c288d77190b3fad2eb4c10533139c1c1f461127f1a"

[[package]]
name = "unicode-ident"
version = "1.0.5"
source = "registry+https://github.com/rust-lang/crates.io-index"
checksum = "6ceab39d59e4c9499d4e5a8ee0e2735b891bb7308ac83dfb4e80cad195c9f6f3"

[[package]]
name = "unicode-xid"
version = "0.2.4"
source = "registry+https://github.com/rust-lang/crates.io-index"
checksum = "f962df74c8c05a667b5ee8bcf162993134c104e96440b663c8daa176dc772d8c"

[[package]]
name = "utf16_iter"
version = "1.0.4"
source = "registry+https://github.com/rust-lang/crates.io-index"
checksum = "52df8b7fb78e7910d776fccf2e42ceaf3604d55e8e7eb2dbd183cb1441d8a692"

[[package]]
name = "utf8_iter"
version = "1.0.3"
source = "registry+https://github.com/rust-lang/crates.io-index"
checksum = "64a8922555b9500e3d865caed19330172cd67cbf82203f1a3311d8c305cc9f33"

[[package]]
name = "version_check"
version = "0.9.4"
source = "registry+https://github.com/rust-lang/crates.io-index"
checksum = "49874b5167b65d7193b8aba1567f5c7d93d001cafc34600cee003eda787e483f"

[[package]]
name = "winapi"
version = "0.3.9"
source = "registry+https://github.com/rust-lang/crates.io-index"
checksum = "5c839a674fcd7a98952e593242ea400abe93992746761e38641405d28b00f419"
dependencies = [
 "winapi-i686-pc-windows-gnu",
 "winapi-x86_64-pc-windows-gnu",
]

[[package]]
name = "winapi-i686-pc-windows-gnu"
version = "0.4.0"
source = "registry+https://github.com/rust-lang/crates.io-index"
checksum = "ac3b87c63620426dd9b991e5ce0329eff545bccbbb34f3be09ff6fb6ab51b7b6"

[[package]]
name = "winapi-util"
version = "0.1.5"
source = "registry+https://github.com/rust-lang/crates.io-index"
checksum = "70ec6ce85bb158151cae5e5c87f95a8e97d2c0c4b001223f33a334e3ce5de178"
dependencies = [
 "winapi",
]

[[package]]
name = "winapi-x86_64-pc-windows-gnu"
version = "0.4.0"
source = "registry+https://github.com/rust-lang/crates.io-index"
checksum = "712e227841d057c1ee1cd2fb22fa7e5a5461ae8e48fa2ca79ec42cfc1931183f"

[[package]]
name = "windows-sys"
version = "0.42.0"
source = "registry+https://github.com/rust-lang/crates.io-index"
checksum = "5a3e1820f08b8513f676f7ab6c1f99ff312fb97b553d30ff4dd86f9f15728aa7"
dependencies = [
 "windows_aarch64_gnullvm",
 "windows_aarch64_msvc",
 "windows_i686_gnu",
 "windows_i686_msvc",
 "windows_x86_64_gnu",
 "windows_x86_64_gnullvm",
 "windows_x86_64_msvc",
]

[[package]]
name = "windows_aarch64_gnullvm"
version = "0.42.0"
source = "registry+https://github.com/rust-lang/crates.io-index"
checksum = "41d2aa71f6f0cbe00ae5167d90ef3cfe66527d6f613ca78ac8024c3ccab9a19e"

[[package]]
name = "windows_aarch64_msvc"
version = "0.42.0"
source = "registry+https://github.com/rust-lang/crates.io-index"
checksum = "dd0f252f5a35cac83d6311b2e795981f5ee6e67eb1f9a7f64eb4500fbc4dcdb4"

[[package]]
name = "windows_i686_gnu"
version = "0.42.0"
source = "registry+https://github.com/rust-lang/crates.io-index"
checksum = "fbeae19f6716841636c28d695375df17562ca208b2b7d0dc47635a50ae6c5de7"

[[package]]
name = "windows_i686_msvc"
version = "0.42.0"
source = "registry+https://github.com/rust-lang/crates.io-index"
checksum = "84c12f65daa39dd2babe6e442988fc329d6243fdce47d7d2d155b8d874862246"

[[package]]
name = "windows_x86_64_gnu"
version = "0.42.0"
source = "registry+https://github.com/rust-lang/crates.io-index"
checksum = "bf7b1b21b5362cbc318f686150e5bcea75ecedc74dd157d874d754a2ca44b0ed"

[[package]]
name = "windows_x86_64_gnullvm"
version = "0.42.0"
source = "registry+https://github.com/rust-lang/crates.io-index"
checksum = "09d525d2ba30eeb3297665bd434a54297e4170c7f1a44cad4ef58095b4cd2028"

[[package]]
name = "windows_x86_64_msvc"
version = "0.42.0"
source = "registry+https://github.com/rust-lang/crates.io-index"
checksum = "f40009d85759725a34da6d89a94e63d7bdc50a862acf0dbc7c8e488f1edcb6f5"

[[package]]
name = "write16"
version = "1.0.0"
source = "registry+https://github.com/rust-lang/crates.io-index"
checksum = "d1890f4022759daae28ed4fe62859b1236caebfc61ede2f63ed4e695f3f6d936"

[[package]]
name = "writeable"
version = "0.5.0"
source = "registry+https://github.com/rust-lang/crates.io-index"
checksum = "f8e6ab4f5da1b24daf2c590cfac801bacb27b15b4f050e84eb60149ea726f06b"

[[package]]
name = "yoke"
version = "0.6.2"
source = "registry+https://github.com/rust-lang/crates.io-index"
checksum = "1fe1d55ca72c32d573bfbd5cb2f0ca65a497854c44762957a6d3da96041a5184"
dependencies = [
 "serde",
 "stable_deref_trait",
 "yoke-derive",
 "zerofrom",
]

[[package]]
name = "yoke-derive"
version = "0.6.1"
source = "registry+https://github.com/rust-lang/crates.io-index"
checksum = "1346e4cd025ae818b88566eac7eb65ab33a994ea55f355c86889af2e7e56b14e"
dependencies = [
 "proc-macro2",
 "quote",
 "syn",
 "synstructure",
]

[[package]]
name = "zerofrom"
version = "0.1.1"
source = "registry+https://github.com/rust-lang/crates.io-index"
checksum = "79e9355fccf72b04b7deaa99ce7a0f6630530acf34045391b74460fcd714de54"
dependencies = [
 "zerofrom-derive",
]

[[package]]
name = "zerofrom-derive"
version = "0.1.1"
source = "registry+https://github.com/rust-lang/crates.io-index"
checksum = "2e8aa86add9ddbd2409c1ed01e033cd457d79b1b1229b64922c25095c595e829"
dependencies = [
 "proc-macro2",
 "quote",
 "syn",
 "synstructure",
]

[[package]]
name = "zerovec"
version = "0.9.1"
source = "registry+https://github.com/rust-lang/crates.io-index"
checksum = "25931c326414781db3d859f6e341e5bba119a3eddb7c5ae9976fe0d703b2dd26"
dependencies = [
 "serde",
 "yoke",
 "zerofrom",
 "zerovec-derive",
]

[[package]]
name = "zerovec-derive"
version = "0.9.0"
source = "registry+https://github.com/rust-lang/crates.io-index"
checksum = "490e5f878c2856225e884c35927e7ea6db3c24cdb7229b72542c7526ad7ed49e"
dependencies = [
 "proc-macro2",
 "quote",
 "syn",
 "synstructure",
]
